{
  "name": "Simple2JSREPL",
  "version": "0.0.1",
  "lockfileVersion": 1,
  "requires": true,
  "dependencies": {
    "commander": {
      "version": "2.8.1",
      "resolved": "https://registry.npmjs.org/commander/-/commander-2.8.1.tgz",
      "integrity": "sha1-Br42f+v9oMMwqh4qBy09yXYkJdQ=",
      "requires": {
        "graceful-readlink": "1.0.1"
      },
      "dependencies": {
        "graceful-readlink": {
          "version": "1.0.1",
          "resolved": "https://registry.npmjs.org/graceful-readlink/-/graceful-readlink-1.0.1.tgz",
          "integrity": "sha1-TK+tdrxi8C+gObL5Tpo906ORpyU="
        }
      }
    },
    "escodegen": {
      "version": "1.6.1",
      "resolved": "https://registry.npmjs.org/escodegen/-/escodegen-1.6.1.tgz",
      "integrity": "sha1-Nn3hfYUQVA0SvG3Liz+Rg5EmWBU=",
      "requires": {
        "esprima": "1.2.5",
        "estraverse": "1.9.3",
        "esutils": "1.1.6",
        "optionator": "0.5.0",
        "source-map": "0.1.43"
      },
      "dependencies": {
        "esprima": {
          "version": "1.2.5",
          "resolved": "https://registry.npmjs.org/esprima/-/esprima-1.2.5.tgz",
          "integrity": "sha1-CZNQL+r2aBODJXVvMPmlH+7sEek="
        },
        "estraverse": {
          "version": "1.9.3",
          "resolved": "https://registry.npmjs.org/estraverse/-/estraverse-1.9.3.tgz",
          "integrity": "sha1-r2fy3JIlgkFZUJJgkaQAXSnJu0Q="
        },
        "esutils": {
          "version": "1.1.6",
          "resolved": "https://registry.npmjs.org/esutils/-/esutils-1.1.6.tgz",
          "integrity": "sha1-wBzKqa5LiXxtDD4hCuUvPHqEQ3U="
        },
        "optionator": {
          "version": "0.5.0",
          "resolved": "https://registry.npmjs.org/optionator/-/optionator-0.5.0.tgz",
          "integrity": "sha1-t1qJlaLUF98ltuTjhi9QqohlE2g=",
          "requires": {
            "deep-is": "0.1.3",
            "fast-levenshtein": "1.0.6",
            "levn": "0.2.5",
            "prelude-ls": "1.1.1",
            "type-check": "0.3.1",
            "wordwrap": "0.0.3"
          },
          "dependencies": {
            "deep-is": {
              "version": "0.1.3",
              "resolved": "https://registry.npmjs.org/deep-is/-/deep-is-0.1.3.tgz",
              "integrity": "sha1-s2nW+128E+7PUk+RsHD+7cNXzzQ="
            },
            "fast-levenshtein": {
              "version": "1.0.6",
              "resolved": "https://registry.npmjs.org/fast-levenshtein/-/fast-levenshtein-1.0.6.tgz",
              "integrity": "sha1-O+2xhOOflcsNiJKGiOax7jJzRGo="
            },
            "levn": {
              "version": "0.2.5",
              "resolved": "https://registry.npmjs.org/levn/-/levn-0.2.5.tgz",
              "integrity": "sha1-uo0znQykphDjo/FFucr0iAcVUFQ=",
              "requires": {
                "prelude-ls": "1.1.1",
                "type-check": "0.3.1"
              }
            },
            "prelude-ls": {
              "version": "1.1.1",
              "resolved": "https://registry.npmjs.org/prelude-ls/-/prelude-ls-1.1.1.tgz",
              "integrity": "sha1-wLhsH/0VGtPMdefj/jjXob8zcoo="
            },
            "type-check": {
              "version": "0.3.1",
              "resolved": "https://registry.npmjs.org/type-check/-/type-check-0.3.1.tgz",
              "integrity": "sha1-kjOSPE2hdNCsVIDs/W74TDSetY0=",
              "requires": {
                "prelude-ls": "1.1.1"
              }
            },
            "wordwrap": {
              "version": "0.0.3",
              "resolved": "https://registry.npmjs.org/wordwrap/-/wordwrap-0.0.3.tgz",
              "integrity": "sha1-o9XabNXAvAAI03I0u68b7WMFkQc="
            }
          }
        },
        "source-map": {
          "version": "0.1.43",
          "resolved": "https://registry.npmjs.org/source-map/-/source-map-0.1.43.tgz",
          "integrity": "sha1-wkvBRspRfBRx9drL4lcbK3+eM0Y=",
          "optional": true,
          "requires": {
            "amdefine": "0.1.0"
          },
          "dependencies": {
            "amdefine": {
              "version": "0.1.0",
              "resolved": "https://registry.npmjs.org/amdefine/-/amdefine-0.1.0.tgz",
              "integrity": "sha1-PKlzXPHd4O33pL9mQXCcgCT5sic=",
              "optional": true
            }
          }
        }
      }
    }
  }
}
